<?xml version="1.0" encoding="utf-8"?>
<Project ToolsVersion="4.0" xmlns="http://schemas.microsoft.com/developer/msbuild/2003">
  <ItemGroup>
    <ClInclude Include="Main.h" />
    <ClInclude Include="stdafx.h" />
    <ClInclude Include="Scene01.h">
      <Filter>Scene</Filter>
    </ClInclude>
    <ClInclude Include="Player.h">
      <Filter>GameObject</Filter>
    </ClInclude>
    <ClInclude Include="Character.h">
      <Filter>GameObject</Filter>
    </ClInclude>
    <ClInclude Include="Monster.h">
      <Filter>GameObject</Filter>
    </ClInclude>
    <ClInclude Include="LoadingScene.h">
      <Filter>Scene</Filter>
    </ClInclude>
    <ClInclude Include="PlayerBullet.h">
      <Filter>GameObject</Filter>
    </ClInclude>
    <ClInclude Include="EffectManger.h">
      <Filter>Manager</Filter>
    </ClInclude>
    <ClInclude Include="scene02.h">
      <Filter>Scene</Filter>
    </ClInclude>
    <ClInclude Include="Bomb.h">
      <Filter>GameObject</Filter>
    </ClInclude>
    <ClInclude Include="addBomb.h">
      <Filter>GameObject</Filter>
    </ClInclude>
    <ClInclude Include="addKey.h">
      <Filter>GameObject</Filter>
    </ClInclude>
    <ClInclude Include="addCoin.h">
      <Filter>GameObject</Filter>
    </ClInclude>
  </ItemGroup>
  <ItemGroup>
    <ClCompile Include="Main.cpp" />
    <ClCompile Include="Scene01.cpp">
      <Filter>Scene</Filter>
    </ClCompile>
    <ClCompile Include="Player.cpp">
      <Filter>GameObject</Filter>
    </ClCompile>
    <ClCompile Include="Character.cpp">
      <Filter>GameObject</Filter>
    </ClCompile>
    <ClCompile Include="Monster.cpp">
      <Filter>GameObject</Filter>
    </ClCompile>
    <ClCompile Include="LoadingScene.cpp">
      <Filter>Scene</Filter>
    </ClCompile>
    <ClCompile Include="PlayerBullet.cpp">
      <Filter>GameObject</Filter>
    </ClCompile>
    <ClCompile Include="EffectManger.cpp">
      <Filter>Manager</Filter>
    </ClCompile>
    <ClCompile Include="scene02.cpp">
      <Filter>Scene</Filter>
    </ClCompile>
    <ClCompile Include="Bomb.cpp">
      <Filter>GameObject</Filter>
    </ClCompile>
    <ClCompile Include="addBomb.cpp">
      <Filter>GameObject</Filter>
    </ClCompile>
    <ClCompile Include="addCoin.cpp">
      <Filter>GameObject</Filter>
    </ClCompile>
    <ClCompile Include="addKey.cpp">
      <Filter>GameObject</Filter>
    </ClCompile>
  </ItemGroup>
  <ItemGroup>
    <Filter Include="GameObject">
      <UniqueIdentifier>{3bb453d1-d0e4-4df2-ad9a-9b15531592c6}</UniqueIdentifier>
    </Filter>
    <Filter Include="Scene">
      <UniqueIdentifier>{e430be2a-5f1c-4ff5-9873-590bc0d16f25}</UniqueIdentifier>
    </Filter>
    <Filter Include="Manager">
      <UniqueIdentifier>{22af1c48-ccba-4fb0-a09c-9289b621d010}</UniqueIdentifier>
    </Filter>
  </ItemGroup>
</Project>